{
  "name": "author-__ELEMENT_NAME__-showroom",
  "version": "1.0.0",
  "lockfileVersion": 1,
  "requires": true,
  "dependencies": {
    "@author.io/element-control": {
      "version": "1.0.8",
      "resolved": "https://registry.npmjs.org/@author.io/element-control/-/element-control-1.0.8.tgz",
      "integrity": "sha512-pMhIcNMGCDJFB886nS+iopnODmZUAxcSLs0N6o/zx498dKXomOZ9xQUXBcyLstELp8QMBAzlTQa0uO8uUhyX5A=="
    },
    "@author.io/element-menu": {
      "version": "1.0.1",
      "resolved": "https://registry.npmjs.org/@author.io/element-menu/-/element-menu-1.0.1.tgz",
      "integrity": "sha512-yETD8DaWZXM/u1p8lTTf7Md7K21DrY+/nXR/v6iJq0pGw6f18aoNRYjUtXYktBwInqWX0/rtPn0Vx2uNcez2+g=="
    },
    "@author.io/element-optgroup": {
      "version": "1.0.1",
      "resolved": "https://registry.npmjs.org/@author.io/element-optgroup/-/element-optgroup-1.0.1.tgz",
      "integrity": "sha512-cPu0d/Rstn+pqq55g3ufAn7opweajo2UEsbfY+mn4qD/oRv3mCdIKpdyln+ob+v0dbbleTTMSKIgT8jlhY5z4A=="
    },
    "@author.io/element-optgroup-label": {
      "version": "1.0.1",
      "resolved": "https://registry.npmjs.org/@author.io/element-optgroup-label/-/element-optgroup-label-1.0.1.tgz",
      "integrity": "sha512-JAaLH6ope5wJaghXrVKhnBPOq0E/lNvQcCfZqt8Tzj13NwXCq/gzso3ntrSb/6jmLZ6aCVo4YbXrk01krknE8w=="
    },
    "@author.io/element-option": {
      "version": "1.0.1",
      "resolved": "https://registry.npmjs.org/@author.io/element-option/-/element-option-1.0.1.tgz",
      "integrity": "sha512-rehFg68EGnINrsxqGh0cma6bJiqYocQ9dXtR+HE+dJ1W+GfTmeVkSLYapcYQaPxNjPIBrLT0pHCY+k9//3BtPA=="
    },
    "@author.io/element-options": {
      "version": "1.0.5-beta.3",
      "resolved": "https://registry.npmjs.org/@author.io/element-options/-/element-options-1.0.5-beta.3.tgz",
      "integrity": "sha512-piO4ro7Iq/zi66ifFnZlZiGrtX4KpgR4lSp6u++CFb+KevWMokkArCCatLPJ4wYbwuGdmWjaPsspCayz4+bF2w=="
    },
    "@author.io/element-select": {
      "version": "1.0.7",
      "resolved": "https://registry.npmjs.org/@author.io/element-select/-/element-select-1.0.7.tgz",
      "integrity": "sha512-4tZ199rVsjfj7bdppJyXjv51/yLx9WhoqGWvz6N8F4xLMNnrDSFwylwQaxf7RO+V9WZLXPJFuf6lga6+eMxswQ=="
    },
    "@author.io/element-selected-options": {
      "version": "1.0.1",
      "resolved": "https://registry.npmjs.org/@author.io/element-selected-options/-/element-selected-options-1.0.1.tgz",
      "integrity": "sha512-S+oPhsV317Qn1KAsgcXUYBh647rZol68e2OQmR0/7+NdMljETO3dt1zKc0iBk+2WZEy0okbUuWFHZGaV0o0FwQ=="
    }
  }
}
